// !$*UTF8*$!
{
	archiveVersion = 1;
	classes = {
	};
	objectVersion = 46;
	objects = {

/* Begin PBXBuildFile section */
		0CAC0BAF1D66FFF0009B74F0 /* AppDelegate.swift in Sources */ = {isa = PBXBuildFile; fileRef = 0CAC0BAE1D66FFF0009B74F0 /* AppDelegate.swift */; };
		0CAC0BB11D66FFF0009B74F0 /* RecordSoundViewController.swift in Sources */ = {isa = PBXBuildFile; fileRef = 0CAC0BB01D66FFF0009B74F0 /* RecordSoundViewController.swift */; };
		0CAC0BB41D66FFF0009B74F0 /* Main.storyboard in Resources */ = {isa = PBXBuildFile; fileRef = 0CAC0BB21D66FFF0009B74F0 /* Main.storyboard */; };
		0CAC0BB61D66FFF0009B74F0 /* Assets.xcassets in Resources */ = {isa = PBXBuildFile; fileRef = 0CAC0BB51D66FFF0009B74F0 /* Assets.xcassets */; };
		0CAC0BB91D66FFF0009B74F0 /* LaunchScreen.storyboard in Resources */ = {isa = PBXBuildFile; fileRef = 0CAC0BB71D66FFF0009B74F0 /* LaunchScreen.storyboard */; };
		0CAC0BC41D66FFF1009B74F0 /* PitchPerfectTests.swift in Sources */ = {isa = PBXBuildFile; fileRef = 0CAC0BC31D66FFF1009B74F0 /* PitchPerfectTests.swift */; };
		0CAC0BCF1D66FFF1009B74F0 /* PitchPerfectUITests.swift in Sources */ = {isa = PBXBuildFile; fileRef = 0CAC0BCE1D66FFF1009B74F0 /* PitchPerfectUITests.swift */; };
		0CAC0BDD1D6940B2009B74F0 /* PlaySoundsViewController.swift in Sources */ = {isa = PBXBuildFile; fileRef = 0CAC0BDC1D6940B2009B74F0 /* PlaySoundsViewController.swift */; };
		0CAC0BDF1D694DC4009B74F0 /* PlaySoundsViewController+Audio.swift in Sources */ = {isa = PBXBuildFile; fileRef = 0CAC0BDE1D694DC4009B74F0 /* PlaySoundsViewController+Audio.swift */; };
/* End PBXBuildFile section */

/* Begin PBXContainerItemProxy section */
		0CAC0BC01D66FFF1009B74F0 /* PBXContainerItemProxy */ = {
			isa = PBXContainerItemProxy;
			containerPortal = 0CAC0BA31D66FFF0009B74F0 /* Project object */;
			proxyType = 1;
			remoteGlobalIDString = 0CAC0BAA1D66FFF0009B74F0;
			remoteInfo = PitchPerfect;
		};
		0CAC0BCB1D66FFF1009B74F0 /* PBXContainerItemProxy */ = {
			isa = PBXContainerItemProxy;
			containerPortal = 0CAC0BA31D66FFF0009B74F0 /* Project object */;
			proxyType = 1;
			remoteGlobalIDString = 0CAC0BAA1D66FFF0009B74F0;
			remoteInfo = PitchPerfect;
		};
/* End PBXContainerItemProxy section */

/* Begin PBXFileReference section */
		0CAC0BAB1D66FFF0009B74F0 /* PitchPerfect.app */ = {isa = PBXFileReference; explicitFileType = wrapper.application; includeInIndex = 0; path = PitchPerfect.app; sourceTree = BUILT_PRODUCTS_DIR; };
		0CAC0BAE1D66FFF0009B74F0 /* AppDelegate.swift */ = {isa = PBXFileReference; lastKnownFileType = sourcecode.swift; path = AppDelegate.swift; sourceTree = "<group>"; };
		0CAC0BB01D66FFF0009B74F0 /* RecordSoundViewController.swift */ = {isa = PBXFileReference; lastKnownFileType = sourcecode.swift; path = RecordSoundViewController.swift; sourceTree = "<group>"; };
		0CAC0BB31D66FFF0009B74F0 /* Base */ = {isa = PBXFileReference; lastKnownFileType = file.storyboard; name = Base; path = Base.lproj/Main.storyboard; sourceTree = "<group>"; };
		0CAC0BB51D66FFF0009B74F0 /* Assets.xcassets */ = {isa = PBXFileReference; lastKnownFileType = folder.assetcatalog; path = Assets.xcassets; sourceTree = "<group>"; };
		0CAC0BB81D66FFF0009B74F0 /* Base */ = {isa = PBXFileReference; lastKnownFileType = file.storyboard; name = Base; path = Base.lproj/LaunchScreen.storyboard; sourceTree = "<group>"; };
		0CAC0BBA1D66FFF1009B74F0 /* Info.plist */ = {isa = PBXFileReference; lastKnownFileType = text.plist.xml; path = Info.plist; sourceTree = "<group>"; };
		0CAC0BBF1D66FFF1009B74F0 /* PitchPerfectTests.xctest */ = {isa = PBXFileReference; explicitFileType = wrapper.cfbundle; includeInIndex = 0; path = PitchPerfectTests.xctest; sourceTree = BUILT_PRODUCTS_DIR; };
		0CAC0BC31D66FFF1009B74F0 /* PitchPerfectTests.swift */ = {isa = PBXFileReference; lastKnownFileType = sourcecode.swift; path = PitchPerfectTests.swift; sourceTree = "<group>"; };
		0CAC0BC51D66FFF1009B74F0 /* Info.plist */ = {isa = PBXFileReference; lastKnownFileType = text.plist.xml; path = Info.plist; sourceTree = "<group>"; };
		0CAC0BCA1D66FFF1009B74F0 /* PitchPerfectUITests.xctest */ = {isa = PBXFileReference; explicitFileType = wrapper.cfbundle; includeInIndex = 0; path = PitchPerfectUITests.xctest; sourceTree = BUILT_PRODUCTS_DIR; };
		0CAC0BCE1D66FFF1009B74F0 /* PitchPerfectUITests.swift */ = {isa = PBXFileReference; lastKnownFileType = sourcecode.swift; path = PitchPerfectUITests.swift; sourceTree = "<group>"; };
		0CAC0BD01D66FFF1009B74F0 /* Info.plist */ = {isa = PBXFileReference; lastKnownFileType = text.plist.xml; path = Info.plist; sourceTree = "<group>"; };
		0CAC0BDC1D6940B2009B74F0 /* PlaySoundsViewController.swift */ = {isa = PBXFileReference; fileEncoding = 4; lastKnownFileType = sourcecode.swift; path = PlaySoundsViewController.swift; sourceTree = "<group>"; };
		0CAC0BDE1D694DC4009B74F0 /* PlaySoundsViewController+Audio.swift */ = {isa = PBXFileReference; fileEncoding = 4; lastKnownFileType = sourcecode.swift; path = "PlaySoundsViewController+Audio.swift"; sourceTree = "<group>"; };
/* End PBXFileReference section */

/* Begin PBXFrameworksBuildPhase section */
		0CAC0BA81D66FFF0009B74F0 /* Frameworks */ = {
			isa = PBXFrameworksBuildPhase;
			buildActionMask = 2147483647;
			files = (
			);
			runOnlyForDeploymentPostprocessing = 0;
		};
		0CAC0BBC1D66FFF1009B74F0 /* Frameworks */ = {
			isa = PBXFrameworksBuildPhase;
			buildActionMask = 2147483647;
			files = (
			);
			runOnlyForDeploymentPostprocessing = 0;
		};
		0CAC0BC71D66FFF1009B74F0 /* Frameworks */ = {
			isa = PBXFrameworksBuildPhase;
			buildActionMask = 2147483647;
			files = (
			);
			runOnlyForDeploymentPostprocessing = 0;
		};
/* End PBXFrameworksBuildPhase section */

/* Begin PBXGroup section */
		0CAC0BA21D66FFF0009B74F0 = {
			isa = PBXGroup;
			children = (
				0CAC0BAD1D66FFF0009B74F0 /* PitchPerfect */,
				0CAC0BC21D66FFF1009B74F0 /* PitchPerfectTests */,
				0CAC0BCD1D66FFF1009B74F0 /* PitchPerfectUITests */,
				0CAC0BAC1D66FFF0009B74F0 /* Products */,
			);
			sourceTree = "<group>";
		};
		0CAC0BAC1D66FFF0009B74F0 /* Products */ = {
			isa = PBXGroup;
			children = (
				0CAC0BAB1D66FFF0009B74F0 /* PitchPerfect.app */,
				0CAC0BBF1D66FFF1009B74F0 /* PitchPerfectTests.xctest */,
				0CAC0BCA1D66FFF1009B74F0 /* PitchPerfectUITests.xctest */,
			);
			name = Products;
			sourceTree = "<group>";
		};
		0CAC0BAD1D66FFF0009B74F0 /* PitchPerfect */ = {
			isa = PBXGroup;
			children = (
				0CAC0BAE1D66FFF0009B74F0 /* AppDelegate.swift */,
				0CAC0BB01D66FFF0009B74F0 /* RecordSoundViewController.swift */,
				0CAC0BDC1D6940B2009B74F0 /* PlaySoundsViewController.swift */,
				0CAC0BDE1D694DC4009B74F0 /* PlaySoundsViewController+Audio.swift */,
				0CAC0BB21D66FFF0009B74F0 /* Main.storyboard */,
				0CAC0BB51D66FFF0009B74F0 /* Assets.xcassets */,
				0CAC0BB71D66FFF0009B74F0 /* LaunchScreen.storyboard */,
				0CAC0BBA1D66FFF1009B74F0 /* Info.plist */,
			);
			path = PitchPerfect;
			sourceTree = "<group>";
		};
		0CAC0BC21D66FFF1009B74F0 /* PitchPerfectTests */ = {
			isa = PBXGroup;
			children = (
				0CAC0BC31D66FFF1009B74F0 /* PitchPerfectTests.swift */,
				0CAC0BC51D66FFF1009B74F0 /* Info.plist */,
			);
			path = PitchPerfectTests;
			sourceTree = "<group>";
		};
		0CAC0BCD1D66FFF1009B74F0 /* PitchPerfectUITests */ = {
			isa = PBXGroup;
			children = (
				0CAC0BCE1D66FFF1009B74F0 /* PitchPerfectUITests.swift */,
				0CAC0BD01D66FFF1009B74F0 /* Info.plist */,
			);
			path = PitchPerfectUITests;
			sourceTree = "<group>";
		};
/* End PBXGroup section */

/* Begin PBXNativeTarget section */
		0CAC0BAA1D66FFF0009B74F0 /* PitchPerfect */ = {
			isa = PBXNativeTarget;
			buildConfigurationList = 0CAC0BD31D66FFF1009B74F0 /* Build configuration list for PBXNativeTarget "PitchPerfect" */;
			buildPhases = (
				0CAC0BA71D66FFF0009B74F0 /* Sources */,
				0CAC0BA81D66FFF0009B74F0 /* Frameworks */,
				0CAC0BA91D66FFF0009B74F0 /* Resources */,
			);
			buildRules = (
			);
			dependencies = (
			);
			name = PitchPerfect;
			productName = PitchPerfect;
			productReference = 0CAC0BAB1D66FFF0009B74F0 /* PitchPerfect.app */;
			productType = "com.apple.product-type.application";
		};
		0CAC0BBE1D66FFF1009B74F0 /* PitchPerfectTests */ = {
			isa = PBXNativeTarget;
			buildConfigurationList = 0CAC0BD61D66FFF1009B74F0 /* Build configuration list for PBXNativeTarget "PitchPerfectTests" */;
			buildPhases = (
				0CAC0BBB1D66FFF1009B74F0 /* Sources */,
				0CAC0BBC1D66FFF1009B74F0 /* Frameworks */,
				0CAC0BBD1D66FFF1009B74F0 /* Resources */,
			);
			buildRules = (
			);
			dependencies = (
				0CAC0BC11D66FFF1009B74F0 /* PBXTargetDependency */,
			);
			name = PitchPerfectTests;
			productName = PitchPerfectTests;
			productReference = 0CAC0BBF1D66FFF1009B74F0 /* PitchPerfectTests.xctest */;
			productType = "com.apple.product-type.bundle.unit-test";
		};
		0CAC0BC91D66FFF1009B74F0 /* PitchPerfectUITests */ = {
			isa = PBXNativeTarget;
			buildConfigurationList = 0CAC0BD91D66FFF1009B74F0 /* Build configuration list for PBXNativeTarget "PitchPerfectUITests" */;
			buildPhases = (
				0CAC0BC61D66FFF1009B74F0 /* Sources */,
				0CAC0BC71D66FFF1009B74F0 /* Frameworks */,
				0CAC0BC81D66FFF1009B74F0 /* Resources */,
			);
			buildRules = (
			);
			dependencies = (
				0CAC0BCC1D66FFF1009B74F0 /* PBXTargetDependency */,
			);
			name = PitchPerfectUITests;
			productName = PitchPerfectUITests;
			productReference = 0CAC0BCA1D66FFF1009B74F0 /* PitchPerfectUITests.xctest */;
			productType = "com.apple.product-type.bundle.ui-testing";
		};
/* End PBXNativeTarget section */

/* Begin PBXProject section */
		0CAC0BA31D66FFF0009B74F0 /* Project object */ = {
			isa = PBXProject;
			attributes = {
				LastSwiftUpdateCheck = 0730;
				LastUpgradeCheck = 0730;
				ORGANIZATIONNAME = "njiaNathan Jia";
				TargetAttributes = {
					0CAC0BAA1D66FFF0009B74F0 = {
						CreatedOnToolsVersion = 7.3.1;
						DevelopmentTeam = SHNWZ8CQRG;
					};
					0CAC0BBE1D66FFF1009B74F0 = {
						CreatedOnToolsVersion = 7.3.1;
						DevelopmentTeam = SHNWZ8CQRG;
						TestTargetID = 0CAC0BAA1D66FFF0009B74F0;
					};
					0CAC0BC91D66FFF1009B74F0 = {
						CreatedOnToolsVersion = 7.3.1;
						DevelopmentTeam = SHNWZ8CQRG;
						TestTargetID = 0CAC0BAA1D66FFF0009B74F0;
					};
				};
			};
			buildConfigurationList = 0CAC0BA61D66FFF0009B74F0 /* Build configuration list for PBXProject "PitchPerfect" */;
			compatibilityVersion = "Xcode 3.2";
			developmentRegion = English;
			hasScannedForEncodings = 0;
			knownRegions = (
				en,
				Base,
			);
			mainGroup = 0CAC0BA21D66FFF0009B74F0;
			productRefGroup = 0CAC0BAC1D66FFF0009B74F0 /* Products */;
			projectDirPath = "";
			projectRoot = "";
			targets = (
				0CAC0BAA1D66FFF0009B74F0 /* PitchPerfect */,
				0CAC0BBE1D66FFF1009B74F0 /* PitchPerfectTests */,
				0CAC0BC91D66FFF1009B74F0 /* PitchPerfectUITests */,
			);
		};
/* End PBXProject section */

/* Begin PBXResourcesBuildPhase section */
		0CAC0BA91D66FFF0009B74F0 /* Resources */ = {
			isa = PBXResourcesBuildPhase;
			buildActionMask = 2147483647;
			files = (
				0CAC0BB91D66FFF0009B74F0 /* LaunchScreen.storyboard in Resources */,
				0CAC0BB61D66FFF0009B74F0 /* Assets.xcassets in Resources */,
				0CAC0BB41D66FFF0009B74F0 /* Main.storyboard in Resources */,
			);
			runOnlyForDeploymentPostprocessing = 0;
		};
		0CAC0BBD1D66FFF1009B74F0 /* Resources */ = {
			isa = PBXResourcesBuildPhase;
			buildActionMask = 2147483647;
			files = (
			);
			runOnlyForDeploymentPostprocessing = 0;
		};
		0CAC0BC81D66FFF1009B74F0 /* Resources */ = {
			isa = PBXResourcesBuildPhase;
			buildActionMask = 2147483647;
			files = (
			);
			runOnlyForDeploymentPostprocessing = 0;
		};
/* End PBXResourcesBuildPhase section */

/* Begin PBXSourcesBuildPhase section */
		0CAC0BA71D66FFF0009B74F0 /* Sources */ = {
			isa = PBXSourcesBuildPhase;
			buildActionMask = 2147483647;
			files = (
				0CAC0BB11D66FFF0009B74F0 /* RecordSoundViewController.swift in Sources */,
				0CAC0BDF1D694DC4009B74F0 /* PlaySoundsViewController+Audio.swift in Sources */,
				0CAC0BDD1D6940B2009B74F0 /* PlaySoundsViewController.swift in Sources */,
				0CAC0BAF1D66FFF0009B74F0 /* AppDelegate.swift in Sources */,
			);
			runOnlyForDeploymentPostprocessing = 0;
		};
		0CAC0BBB1D66FFF1009B74F0 /* Sources */ = {
			isa = PBXSourcesBuildPhase;
			buildActionMask = 2147483647;
			files = (
				0CAC0BC41D66FFF1009B74F0 /* PitchPerfectTests.swift in Sources */,
			);
			runOnlyForDeploymentPostprocessing = 0;
		};
		0CAC0BC61D66FFF1009B74F0 /* Sources */ = {
			isa = PBXSourcesBuildPhase;
			buildActionMask = 2147483647;
			files = (
				0CAC0BCF1D66FFF1009B74F0 /* PitchPerfectUITests.swift in Sources */,
			);
			runOnlyForDeploymentPostprocessing = 0;
		};
/* End PBXSourcesBuildPhase section */

/* Begin PBXTargetDependency section */
		0CAC0BC11D66FFF1009B74F0 /* PBXTargetDependency */ = {
			isa = PBXTargetDependency;
			target = 0CAC0BAA1D66FFF0009B74F0 /* PitchPerfect */;
			targetProxy = 0CAC0BC01D66FFF1009B74F0 /* PBXContainerItemProxy */;
		};
		0CAC0BCC1D66FFF1009B74F0 /* PBXTargetDependency */ = {
			isa = PBXTargetDependency;
			target = 0CAC0BAA1D66FFF0009B74F0 /* PitchPerfect */;
			targetProxy = 0CAC0BCB1D66FFF1009B74F0 /* PBXContainerItemProxy */;
		};
/* End PBXTargetDependency section */

/* Begin PBXVariantGroup section */
		0CAC0BB21D66FFF0009B74F0 /* Main.storyboard */ = {
			isa = PBXVariantGroup;
			children = (
				0CAC0BB31D66FFF0009B74F0 /* Base */,
			);
			name = Main.storyboard;
			sourceTree = "<group>";
		};
		0CAC0BB71D66FFF0009B74F0 /* LaunchScreen.storyboard */ = {
			isa = PBXVariantGroup;
			children = (
				0CAC0BB81D66FFF0009B74F0 /* Base */,
			);
			name = LaunchScreen.storyboard;
			sourceTree = "<group>";
		};
/* End PBXVariantGroup section */

/* Begin XCBuildConfiguration section */
		0CAC0BD11D66FFF1009B74F0 /* Debug */ = {
			isa = XCBuildConfiguration;
			buildSettings = {
				ALWAYS_SEARCH_USER_PATHS = NO;
				CLANG_ANALYZER_NONNULL = YES;
				CLANG_CXX_LANGUAGE_STANDARD = "gnu++0x";
				CLANG_CXX_LIBRARY = "libc++";
				CLANG_ENABLE_MODULES = YES;
				CLANG_ENABLE_OBJC_ARC = YES;
				CLANG_WARN_BOOL_CONVERSION = YES;
				CLANG_WARN_CONSTANT_CONVERSION = YES;
				CLANG_WARN_DIRECT_OBJC_ISA_USAGE = YES_ERROR;
				CLANG_WARN_EMPTY_BODY = YES;
				CLANG_WARN_ENUM_CONVERSION = YES;
				CLANG_WARN_INT_CONVERSION = YES;
				CLANG_WARN_OBJC_ROOT_CLASS = YES_ERROR;
				CLANG_WARN_UNREACHABLE_CODE = YES;
				CLANG_WARN__DUPLICATE_METHOD_MATCH = YES;
				"CODE_SIGN_IDENTITY[sdk=iphoneos*]" = "iPhone Developer";
				COPY_PHASE_STRIP = NO;
				DEBUG_INFORMATION_FORMAT = dwarf;
				ENABLE_STRICT_OBJC_MSGSEND = YES;
				ENABLE_TESTABILITY = YES;
				GCC_C_LANGUAGE_STANDARD = gnu99;
				GCC_DYNAMIC_NO_PIC = NO;
				GCC_NO_COMMON_BLOCKS = YES;
				GCC_OPTIMIZATION_LEVEL = 0;
				GCC_PREPROCESSOR_DEFINITIONS = (
					"DEBUG=1",
					"$(inherited)",
				);
				GCC_WARN_64_TO_32_BIT_CONVERSION = YES;
				GCC_WARN_ABOUT_RETURN_TYPE = YES_ERROR;
				GCC_WARN_UNDECLARED_SELECTOR = YES;
				GCC_WARN_UNINITIALIZED_AUTOS = YES_AGGRESSIVE;
				GCC_WARN_UNUSED_FUNCTION = YES;
				GCC_WARN_UNUSED_VARIABLE = YES;
				IPHONEOS_DEPLOYMENT_TARGET = 9.3;
				MTL_ENABLE_DEBUG_INFO = YES;
				ONLY_ACTIVE_ARCH = YES;
				SDKROOT = iphoneos;
				SWIFT_OPTIMIZATION_LEVEL = "-Onone";
				TARGETED_DEVICE_FAMILY = "1,2";
			};
			name = Debug;
		};
		0CAC0BD21D66FFF1009B74F0 /* Release */ = {
			isa = XCBuildConfiguration;
			buildSettings = {
				ALWAYS_SEARCH_USER_PATHS = NO;
				CLANG_ANALYZER_NONNULL = YES;
				CLANG_CXX_LANGUAGE_STANDARD = "gnu++0x";
				CLANG_CXX_LIBRARY = "libc++";
				CLANG_ENABLE_MODULES = YES;
				CLANG_ENABLE_OBJC_ARC = YES;
				CLANG_WARN_BOOL_CONVERSION = YES;
				CLANG_WARN_CONSTANT_CONVERSION = YES;
				CLANG_WARN_DIRECT_OBJC_ISA_USAGE = YES_ERROR;
				CLANG_WARN_EMPTY_BODY = YES;
				CLANG_WARN_ENUM_CONVERSION = YES;
				CLANG_WARN_INT_CONVERSION = YES;
				CLANG_WARN_OBJC_ROOT_CLASS = YES_ERROR;
				CLANG_WARN_UNREACHABLE_CODE = YES;
				CLANG_WARN__DUPLICATE_METHOD_MATCH = YES;
				"CODE_SIGN_IDENTITY[sdk=iphoneos*]" = "iPhone Developer";
				COPY_PHASE_STRIP = NO;
				DEBUG_INFORMATION_FORMAT = "dwarf-with-dsym";
				ENABLE_NS_ASSERTIONS = NO;
				ENABLE_STRICT_OBJC_MSGSEND = YES;
				GCC_C_LANGUAGE_STANDARD = gnu99;
				GCC_NO_COMMON_BLOCKS = YES;
				GCC_WARN_64_TO_32_BIT_CONVERSION = YES;
				GCC_WARN_ABOUT_RETURN_TYPE = YES_ERROR;
				GCC_WARN_UNDECLARED_SELECTOR = YES;
				GCC_WARN_UNINITIALIZED_AUTOS = YES_AGGRESSIVE;
				GCC_WARN_UNUSED_FUNCTION = YES;
				GCC_WARN_UNUSED_VARIABLE = YES;
				IPHONEOS_DEPLOYMENT_TARGET = 9.3;
				MTL_ENABLE_DEBUG_INFO = NO;
				SDKROOT = iphoneos;
				TARGETED_DEVICE_FAMILY = "1,2";
				VALIDATE_PRODUCT = YES;
			};
			name = Release;
		};
		0CAC0BD41D66FFF1009B74F0 /* Debug */ = {
			isa = XCBuildConfiguration;
			buildSettings = {
				ASSETCATALOG_COMPILER_APPICON_NAME = AppIcon;
				INFOPLIST_FILE = PitchPerfect/Info.plist;
				LD_RUNPATH_SEARCH_PATHS = "$(inherited) @executable_path/Frameworks";
				PRODUCT_BUNDLE_IDENTIFIER = com.nathanjia.PitchPerfect;
				PRODUCT_NAME = "$(TARGET_NAME)";
			};
			name = Debug;
		};
		0CAC0BD51D66FFF1009B74F0 /* Release */ = {
			isa = XCBuildConfiguration;
			buildSettings = {
				ASSETCATALOG_COMPILER_APPICON_NAME = AppIcon;
				INFOPLIST_FILE = PitchPerfect/Info.plist;
				LD_RUNPATH_SEARCH_PATHS = "$(inherited) @executable_path/Frameworks";
				PRODUCT_BUNDLE_IDENTIFIER = com.nathanjia.PitchPerfect;
				PRODUCT_NAME = "$(TARGET_NAME)";
			};
			name = Release;
		};
		0CAC0BD71D66FFF1009B74F0 /* Debug */ = {
			isa = XCBuildConfiguration;
			buildSettings = {
				BUNDLE_LOADER = "$(TEST_HOST)";
				INFOPLIST_FILE = PitchPerfectTests/Info.plist;
				LD_RUNPATH_SEARCH_PATHS = "$(inherited) @executable_path/Frameworks @loader_path/Frameworks";
				PRODUCT_BUNDLE_IDENTIFIER = com.nathanjia.PitchPerfectTests;
				PRODUCT_NAME = "$(TARGET_NAME)";
				TEST_HOST = "$(BUILT_PRODUCTS_DIR)/PitchPerfect.app/PitchPerfect";
			};
			name = Debug;
		};
		0CAC0BD81D66FFF1009B74F0 /* Release */ = {
			isa = XCBuildConfiguration;
			buildSettings = {
				BUNDLE_LOADER = "$(TEST_HOST)";
				INFOPLIST_FILE = PitchPerfectTests/Info.plist;
				LD_RUNPATH_SEARCH_PATHS = "$(inherited) @executable_path/Frameworks @loader_path/Frameworks";
				PRODUCT_BUNDLE_IDENTIFIER = com.nathanjia.PitchPerfectTests;
				PRODUCT_NAME = "$(TARGET_NAME)";
				TEST_HOST = "$(BUILT_PRODUCTS_DIR)/PitchPerfect.app/PitchPerfect";
			};
			name = Release;
		};
		0CAC0BDA1D66FFF1009B74F0 /* Debug */ = {
			isa = XCBuildConfiguration;
			buildSettings = {
				INFOPLIST_FILE = PitchPerfectUITests/Info.plist;
				LD_RUNPATH_SEARCH_PATHS = "$(inherited) @executable_path/Frameworks @loader_path/Frameworks";
				PRODUCT_BUNDLE_IDENTIFIER = com.nathanjia.PitchPerfectUITests;
				PRODUCT_NAME = "$(TARGET_NAME)";
				TEST_TARGET_NAME = PitchPerfect;
			};
			name = Debug;
		};
		0CAC0BDB1D66FFF1009B74F0 /* Release */ = {
			isa = XCBuildConfiguration;
			buildSettings = {
				INFOPLIST_FILE = PitchPerfectUITests/Info.plist;
				LD_RUNPATH_SEARCH_PATHS = "$(inherited) @executable_path/Frameworks @loader_path/Frameworks";
				PRODUCT_BUNDLE_IDENTIFIER = com.nathanjia.PitchPerfectUITests;
				PRODUCT_NAME = "$(TARGET_NAME)";
				TEST_TARGET_NAME = PitchPerfect;
			};
			name = Release;
		};
/* End XCBuildConfiguration section */

/* Begin XCConfigurationList section */
		0CAC0BA61D66FFF0009B74F0 /* Build configuration list for PBXProject "PitchPerfect" */ = {
			isa = XCConfigurationList;
			buildConfigurations = (
				0CAC0BD11D66FFF1009B74F0 /* Debug */,
				0CAC0BD21D66FFF1009B74F0 /* Release */,
			);
			defaultConfigurationIsVisible = 0;
			defaultConfigurationName = Release;
		};
		0CAC0BD31D66FFF1009B74F0 /* Build configuration list for PBXNativeTarget "PitchPerfect" */ = {
			isa = XCConfigurationList;
			buildConfigurations = (
				0CAC0BD41D66FFF1009B74F0 /* Debug */,
				0CAC0BD51D66FFF1009B74F0 /* Release */,
			);
			defaultConfigurationIsVisible = 0;
			defaultConfigurationName = Release;
		};
		0CAC0BD61D66FFF1009B74F0 /* Build configuration list for PBXNativeTarget "PitchPerfectTests" */ = {
			isa = XCConfigurationList;
			buildConfigurations = (
				0CAC0BD71D66FFF1009B74F0 /* Debug */,
				0CAC0BD81D66FFF1009B74F0 /* Release */,
			);
			defaultConfigurationIsVisible = 0;
			defaultConfigurationName = Release;
		};
		0CAC0BD91D66FFF1009B74F0 /* Build configuration list for PBXNativeTarget "PitchPerfectUITests" */ = {
			isa = XCConfigurationList;
			buildConfigurations = (
				0CAC0BDA1D66FFF1009B74F0 /* Debug */,
				0CAC0BDB1D66FFF1009B74F0 /* Release */,
			);
			defaultConfigurationIsVisible = 0;
			defaultConfigurationName = Release;
		};
/* End XCConfigurationList section */
	};
	rootObject = 0CAC0BA31D66FFF0009B74F0 /* Project object */;
}
